
Microsoft Visual Studio Solution File, Format Version 12.00
# Visual Studio 15
VisualStudioVersion = 15.0.27428.2011
MinimumVisualStudioVersion = 10.0.40219.1
Project("{D2ABAB84-BF74-430A-B69E-9DC6D40DDA17}") = "SlaveAnalysis", "SlaveAnalysis\SlaveAnalysis.dwproj", "{84729086-3E1A-4CB3-B4F5-A7F4AD880631}"
EndProject
Global
	GlobalSection(SolutionConfigurationPlatforms) = preSolution
		Development|Default = Development|Default
	EndGlobalSection
	GlobalSection(ProjectConfigurationPlatforms) = postSolution
		{84729086-3E1A-4CB3-B4F5-A7F4AD880631}.Development|Default.ActiveCfg = Development
		{84729086-3E1A-4CB3-B4F5-A7F4AD880631}.Development|Default.Build.0 = Development
		{84729086-3E1A-4CB3-B4F5-A7F4AD880631}.Development|Default.Deploy.0 = Development
	EndGlobalSection
	GlobalSection(SolutionProperties) = preSolution
		HideSolutionNode = FALSE
	EndGlobalSection
	GlobalSection(ExtensibilityGlobals) = postSolution
		SolutionGuid = {297D51B5-C1C1-40D9-AB41-7356F6805676}
	EndGlobalSection
EndGlobal
